
Microsoft Visual Studio Solution File, Format Version 12.00
# Visual Studio Version 16
VisualStudioVersion = 16.0.30907.101
MinimumVisualStudioVersion = 10.0.40219.1
Project("{9A19103F-16F7-4668-BE54-9A1E7A4F7556}") = "Inlamningsuppgift2", "Inlamningsuppgift2\Inlamningsuppgift2.csproj", "{4E2F9949-D29C-4885-A9D0-3A5417386964}"
EndProject
Project("{9A19103F-16F7-4668-BE54-9A1E7A4F7556}") = "Engine", "Engine\Engine.csproj", "{96E383FE-26C9-4EB4-9A57-E89B3047E02A}"
EndProject
Project("{9A19103F-16F7-4668-BE54-9A1E7A4F7556}") = "Engine.UnitTests", "Engine.UnitTests\Engine.UnitTests.csproj", "{0E6F45FB-A509-43C4-B760-53DA072E8052}"
EndProject
Global
	GlobalSection(SolutionConfigurationPlatforms) = preSolution
		Debug|Any CPU = Debug|Any CPU
		Release|Any CPU = Release|Any CPU
	EndGlobalSection
	GlobalSection(ProjectConfigurationPlatforms) = postSolution
		{4E2F9949-D29C-4885-A9D0-3A5417386964}.Debug|Any CPU.ActiveCfg = Debug|Any CPU
		{4E2F9949-D29C-4885-A9D0-3A5417386964}.Debug|Any CPU.Build.0 = Debug|Any CPU
		{4E2F9949-D29C-4885-A9D0-3A5417386964}.Release|Any CPU.ActiveCfg = Release|Any CPU
		{4E2F9949-D29C-4885-A9D0-3A5417386964}.Release|Any CPU.Build.0 = Release|Any CPU
		{96E383FE-26C9-4EB4-9A57-E89B3047E02A}.Debug|Any CPU.ActiveCfg = Debug|Any CPU
		{96E383FE-26C9-4EB4-9A57-E89B3047E02A}.Debug|Any CPU.Build.0 = Debug|Any CPU
		{96E383FE-26C9-4EB4-9A57-E89B3047E02A}.Release|Any CPU.ActiveCfg = Release|Any CPU
		{96E383FE-26C9-4EB4-9A57-E89B3047E02A}.Release|Any CPU.Build.0 = Release|Any CPU
		{0E6F45FB-A509-43C4-B760-53DA072E8052}.Debug|Any CPU.ActiveCfg = Debug|Any CPU
		{0E6F45FB-A509-43C4-B760-53DA072E8052}.Debug|Any CPU.Build.0 = Debug|Any CPU
		{0E6F45FB-A509-43C4-B760-53DA072E8052}.Release|Any CPU.ActiveCfg = Release|Any CPU
		{0E6F45FB-A509-43C4-B760-53DA072E8052}.Release|Any CPU.Build.0 = Release|Any CPU
	EndGlobalSection
	GlobalSection(SolutionProperties) = preSolution
		HideSolutionNode = FALSE
	EndGlobalSection
	GlobalSection(ExtensibilityGlobals) = postSolution
		SolutionGuid = {2EB370BC-475D-4E00-A493-99093383C4D9}
	EndGlobalSection
EndGlobal
